
Microsoft Visual Studio Solution File, Format Version 12.00
# Visual Studio Version 17
VisualStudioVersion = 17.13.35825.156 d17.13
MinimumVisualStudioVersion = 10.0.40219.1
Project("{FAE04EC0-301F-11D3-BF4B-00C04F79EFBC}") = "CustomersFossAPI", "CustomersFossAPI\CustomersFossAPI.csproj", "{134EF6C8-0AD7-4A0B-94C7-9FCEFB2FE6C0}"
EndProject
Project("{FAE04EC0-301F-11D3-BF4B-00C04F79EFBC}") = "Domain", "Domain\Domain.csproj", "{87106708-28D6-401D-A98F-04E36658068F}"
EndProject
Project("{FAE04EC0-301F-11D3-BF4B-00C04F79EFBC}") = "Services", "Services\Services.csproj", "{4F3DBBAC-F854-434F-B6FC-C7D1B8069936}"
EndProject
Global
	GlobalSection(SolutionConfigurationPlatforms) = preSolution
		Debug|Any CPU = Debug|Any CPU
		Release|Any CPU = Release|Any CPU
	EndGlobalSection
	GlobalSection(ProjectConfigurationPlatforms) = postSolution
		{134EF6C8-0AD7-4A0B-94C7-9FCEFB2FE6C0}.Debug|Any CPU.ActiveCfg = Debug|Any CPU
		{134EF6C8-0AD7-4A0B-94C7-9FCEFB2FE6C0}.Debug|Any CPU.Build.0 = Debug|Any CPU
		{134EF6C8-0AD7-4A0B-94C7-9FCEFB2FE6C0}.Release|Any CPU.ActiveCfg = Release|Any CPU
		{134EF6C8-0AD7-4A0B-94C7-9FCEFB2FE6C0}.Release|Any CPU.Build.0 = Release|Any CPU
		{87106708-28D6-401D-A98F-04E36658068F}.Debug|Any CPU.ActiveCfg = Debug|Any CPU
		{87106708-28D6-401D-A98F-04E36658068F}.Debug|Any CPU.Build.0 = Debug|Any CPU
		{87106708-28D6-401D-A98F-04E36658068F}.Release|Any CPU.ActiveCfg = Release|Any CPU
		{87106708-28D6-401D-A98F-04E36658068F}.Release|Any CPU.Build.0 = Release|Any CPU
		{4F3DBBAC-F854-434F-B6FC-C7D1B8069936}.Debug|Any CPU.ActiveCfg = Debug|Any CPU
		{4F3DBBAC-F854-434F-B6FC-C7D1B8069936}.Debug|Any CPU.Build.0 = Debug|Any CPU
		{4F3DBBAC-F854-434F-B6FC-C7D1B8069936}.Release|Any CPU.ActiveCfg = Release|Any CPU
		{4F3DBBAC-F854-434F-B6FC-C7D1B8069936}.Release|Any CPU.Build.0 = Release|Any CPU
	EndGlobalSection
	GlobalSection(SolutionProperties) = preSolution
		HideSolutionNode = FALSE
	EndGlobalSection
	GlobalSection(ExtensibilityGlobals) = postSolution
		SolutionGuid = {9617877E-4396-41AD-B6D7-BE914DA7CF76}
	EndGlobalSection
EndGlobal
