
Microsoft Visual Studio Solution File, Format Version 12.00
# Visual Studio Version 17
VisualStudioVersion = 17.13.35825.156
MinimumVisualStudioVersion = 10.0.40219.1
Project("{2150E333-8FDC-42A3-9474-1A3956D46DE8}") = "Api", "Api", "{02EA681E-C7D8-13C7-8484-4AC65E1B71E8}"
EndProject
Project("{2150E333-8FDC-42A3-9474-1A3956D46DE8}") = "Domain", "Domain", "{65F1B9BC-FDE4-45F9-88D6-52F290994F92}"
EndProject
Project("{2150E333-8FDC-42A3-9474-1A3956D46DE8}") = "Application", "Application", "{83777F47-713D-4D24-B131-546E5B8A837C}"
EndProject
Project("{2150E333-8FDC-42A3-9474-1A3956D46DE8}") = "Infrastructure", "Infrastructure", "{6FD7E88C-18CD-4B93-9456-6E5EC9220336}"
EndProject
Project("{2150E333-8FDC-42A3-9474-1A3956D46DE8}") = "Shared", "Shared", "{B32F8F05-44D3-4BDC-AF37-D449905A820E}"
EndProject
Project("{2150E333-8FDC-42A3-9474-1A3956D46DE8}") = "src", "src", "{26754638-2440-47F4-9484-F58BB251DEFD}"
EndProject
Project("{2150E333-8FDC-42A3-9474-1A3956D46DE8}") = "tests", "tests", "{5851A117-76DF-4678-9A0B-C435348CAC94}"
EndProject
Project("{FAE04EC0-301F-11D3-BF4B-00C04F79EFBC}") = "SOA.Entities", "SOA.Entities\SOA.Entities.csproj", "{D4D4BD7C-FC56-4C2F-AE08-66960573FE68}"
EndProject
Project("{FAE04EC0-301F-11D3-BF4B-00C04F79EFBC}") = "SOA.UsersAPI", "SOA.UsersAPI\SOA.UsersAPI.csproj", "{F99BADDB-6663-4953-956F-EE7A4D2D25EE}"
EndProject
Project("{FAE04EC0-301F-11D3-BF4B-00C04F79EFBC}") = "SOA.Interfaces", "SOA.Interfaces\SOA.Interfaces.csproj", "{A5AFB0AA-558D-48F2-A8BA-CDF34FF2EFFE}"
EndProject
Project("{FAE04EC0-301F-11D3-BF4B-00C04F79EFBC}") = "SOA.Queries", "SOA.Queries\SOA.Queries.csproj", "{93A767AA-6D2D-4298-9C3C-1703E19C4A5B}"
EndProject
Project("{FAE04EC0-301F-11D3-BF4B-00C04F79EFBC}") = "SOA.Commands", "SOA.Commands\SOA.Commands.csproj", "{E573785B-6D6D-4898-A223-ECFDB0962ADA}"
EndProject
Project("{FAE04EC0-301F-11D3-BF4B-00C04F79EFBC}") = "SOA.Persistence", "SOA.Persistence\SOA.Persistence.csproj", "{2B5E01A3-D7C3-44E9-9C7A-6620367FC9F2}"
EndProject
Project("{FAE04EC0-301F-11D3-BF4B-00C04F79EFBC}") = "SOA.Services", "SOA.Services\SOA.Services.csproj", "{E8D23064-30D6-423F-B3B7-4F2500382010}"
EndProject
Project("{FAE04EC0-301F-11D3-BF4B-00C04F79EFBC}") = "SOA.DTOs", "SOA.DTOs\SOA.DTOs.csproj", "{E62A4DBC-3740-451B-B8C3-0591D682943C}"
EndProject
Project("{FAE04EC0-301F-11D3-BF4B-00C04F79EFBC}") = "SOA.Security", "SOA.Security\SOA.Security.csproj", "{5167AA6E-EFC1-4235-96E4-CAE0EDE3698C}"
EndProject
Global
	GlobalSection(SolutionConfigurationPlatforms) = preSolution
		Debug|Any CPU = Debug|Any CPU
		Release|Any CPU = Release|Any CPU
	EndGlobalSection
	GlobalSection(ProjectConfigurationPlatforms) = postSolution
		{D4D4BD7C-FC56-4C2F-AE08-66960573FE68}.Debug|Any CPU.ActiveCfg = Debug|Any CPU
		{D4D4BD7C-FC56-4C2F-AE08-66960573FE68}.Debug|Any CPU.Build.0 = Debug|Any CPU
		{D4D4BD7C-FC56-4C2F-AE08-66960573FE68}.Release|Any CPU.ActiveCfg = Release|Any CPU
		{D4D4BD7C-FC56-4C2F-AE08-66960573FE68}.Release|Any CPU.Build.0 = Release|Any CPU
		{F99BADDB-6663-4953-956F-EE7A4D2D25EE}.Debug|Any CPU.ActiveCfg = Debug|Any CPU
		{F99BADDB-6663-4953-956F-EE7A4D2D25EE}.Debug|Any CPU.Build.0 = Debug|Any CPU
		{F99BADDB-6663-4953-956F-EE7A4D2D25EE}.Release|Any CPU.ActiveCfg = Release|Any CPU
		{F99BADDB-6663-4953-956F-EE7A4D2D25EE}.Release|Any CPU.Build.0 = Release|Any CPU
		{A5AFB0AA-558D-48F2-A8BA-CDF34FF2EFFE}.Debug|Any CPU.ActiveCfg = Debug|Any CPU
		{A5AFB0AA-558D-48F2-A8BA-CDF34FF2EFFE}.Debug|Any CPU.Build.0 = Debug|Any CPU
		{A5AFB0AA-558D-48F2-A8BA-CDF34FF2EFFE}.Release|Any CPU.ActiveCfg = Release|Any CPU
		{A5AFB0AA-558D-48F2-A8BA-CDF34FF2EFFE}.Release|Any CPU.Build.0 = Release|Any CPU
		{93A767AA-6D2D-4298-9C3C-1703E19C4A5B}.Debug|Any CPU.ActiveCfg = Debug|Any CPU
		{93A767AA-6D2D-4298-9C3C-1703E19C4A5B}.Debug|Any CPU.Build.0 = Debug|Any CPU
		{93A767AA-6D2D-4298-9C3C-1703E19C4A5B}.Release|Any CPU.ActiveCfg = Release|Any CPU
		{93A767AA-6D2D-4298-9C3C-1703E19C4A5B}.Release|Any CPU.Build.0 = Release|Any CPU
		{E573785B-6D6D-4898-A223-ECFDB0962ADA}.Debug|Any CPU.ActiveCfg = Debug|Any CPU
		{E573785B-6D6D-4898-A223-ECFDB0962ADA}.Debug|Any CPU.Build.0 = Debug|Any CPU
		{E573785B-6D6D-4898-A223-ECFDB0962ADA}.Release|Any CPU.ActiveCfg = Release|Any CPU
		{E573785B-6D6D-4898-A223-ECFDB0962ADA}.Release|Any CPU.Build.0 = Release|Any CPU
		{2B5E01A3-D7C3-44E9-9C7A-6620367FC9F2}.Debug|Any CPU.ActiveCfg = Debug|Any CPU
		{2B5E01A3-D7C3-44E9-9C7A-6620367FC9F2}.Debug|Any CPU.Build.0 = Debug|Any CPU
		{2B5E01A3-D7C3-44E9-9C7A-6620367FC9F2}.Release|Any CPU.ActiveCfg = Release|Any CPU
		{2B5E01A3-D7C3-44E9-9C7A-6620367FC9F2}.Release|Any CPU.Build.0 = Release|Any CPU
		{E8D23064-30D6-423F-B3B7-4F2500382010}.Debug|Any CPU.ActiveCfg = Debug|Any CPU
		{E8D23064-30D6-423F-B3B7-4F2500382010}.Debug|Any CPU.Build.0 = Debug|Any CPU
		{E8D23064-30D6-423F-B3B7-4F2500382010}.Release|Any CPU.ActiveCfg = Release|Any CPU
		{E8D23064-30D6-423F-B3B7-4F2500382010}.Release|Any CPU.Build.0 = Release|Any CPU
		{E62A4DBC-3740-451B-B8C3-0591D682943C}.Debug|Any CPU.ActiveCfg = Debug|Any CPU
		{E62A4DBC-3740-451B-B8C3-0591D682943C}.Debug|Any CPU.Build.0 = Debug|Any CPU
		{E62A4DBC-3740-451B-B8C3-0591D682943C}.Release|Any CPU.ActiveCfg = Release|Any CPU
		{E62A4DBC-3740-451B-B8C3-0591D682943C}.Release|Any CPU.Build.0 = Release|Any CPU
		{5167AA6E-EFC1-4235-96E4-CAE0EDE3698C}.Debug|Any CPU.ActiveCfg = Debug|Any CPU
		{5167AA6E-EFC1-4235-96E4-CAE0EDE3698C}.Debug|Any CPU.Build.0 = Debug|Any CPU
		{5167AA6E-EFC1-4235-96E4-CAE0EDE3698C}.Release|Any CPU.ActiveCfg = Release|Any CPU
		{5167AA6E-EFC1-4235-96E4-CAE0EDE3698C}.Release|Any CPU.Build.0 = Release|Any CPU
	EndGlobalSection
	GlobalSection(SolutionProperties) = preSolution
		HideSolutionNode = FALSE
	EndGlobalSection
	GlobalSection(NestedProjects) = preSolution
		{02EA681E-C7D8-13C7-8484-4AC65E1B71E8} = {26754638-2440-47F4-9484-F58BB251DEFD}
		{65F1B9BC-FDE4-45F9-88D6-52F290994F92} = {26754638-2440-47F4-9484-F58BB251DEFD}
		{83777F47-713D-4D24-B131-546E5B8A837C} = {26754638-2440-47F4-9484-F58BB251DEFD}
		{6FD7E88C-18CD-4B93-9456-6E5EC9220336} = {26754638-2440-47F4-9484-F58BB251DEFD}
		{B32F8F05-44D3-4BDC-AF37-D449905A820E} = {26754638-2440-47F4-9484-F58BB251DEFD}
		{D4D4BD7C-FC56-4C2F-AE08-66960573FE68} = {65F1B9BC-FDE4-45F9-88D6-52F290994F92}
		{F99BADDB-6663-4953-956F-EE7A4D2D25EE} = {02EA681E-C7D8-13C7-8484-4AC65E1B71E8}
		{A5AFB0AA-558D-48F2-A8BA-CDF34FF2EFFE} = {65F1B9BC-FDE4-45F9-88D6-52F290994F92}
		{93A767AA-6D2D-4298-9C3C-1703E19C4A5B} = {83777F47-713D-4D24-B131-546E5B8A837C}
		{E573785B-6D6D-4898-A223-ECFDB0962ADA} = {83777F47-713D-4D24-B131-546E5B8A837C}
		{2B5E01A3-D7C3-44E9-9C7A-6620367FC9F2} = {6FD7E88C-18CD-4B93-9456-6E5EC9220336}
		{E8D23064-30D6-423F-B3B7-4F2500382010} = {83777F47-713D-4D24-B131-546E5B8A837C}
		{E62A4DBC-3740-451B-B8C3-0591D682943C} = {83777F47-713D-4D24-B131-546E5B8A837C}
		{5167AA6E-EFC1-4235-96E4-CAE0EDE3698C} = {6FD7E88C-18CD-4B93-9456-6E5EC9220336}
	EndGlobalSection
	GlobalSection(ExtensibilityGlobals) = postSolution
		SolutionGuid = {F23138E1-047C-4B26-8AED-7A3F110806AE}
	EndGlobalSection
EndGlobal
